
Microsoft Visual Studio Solution File, Format Version 12.00
# Visual Studio Version 16
VisualStudioVersion = 16.0.32602.291
MinimumVisualStudioVersion = 10.0.40219.1
Project("{FAE04EC0-301F-11D3-BF4B-00C04F79EFBC}") = "Net5App", "Net5App\Net5App.csproj", "{FCB769DF-99A0-4667-B7A1-2EF15B743D60}"
EndProject
Global
	GlobalSection(SolutionConfigurationPlatforms) = preSolution
		Debug|Any CPU = Debug|Any CPU
		Release|Any CPU = Release|Any CPU
	EndGlobalSection
	GlobalSection(ProjectConfigurationPlatforms) = postSolution
		{FCB769DF-99A0-4667-B7A1-2EF15B743D60}.Debug|Any CPU.ActiveCfg = Debug|Any CPU
		{FCB769DF-99A0-4667-B7A1-2EF15B743D60}.Debug|Any CPU.Build.0 = Debug|Any CPU
		{FCB769DF-99A0-4667-B7A1-2EF15B743D60}.Release|Any CPU.ActiveCfg = Release|Any CPU
		{FCB769DF-99A0-4667-B7A1-2EF15B743D60}.Release|Any CPU.Build.0 = Release|Any CPU
	EndGlobalSection
	GlobalSection(SolutionProperties) = preSolution
		HideSolutionNode = FALSE
	EndGlobalSection
	GlobalSection(ExtensibilityGlobals) = postSolution
		SolutionGuid = {2F943AE3-C4C8-4528-8059-267E6FA79EC6}
	EndGlobalSection
EndGlobal
