
Microsoft Visual Studio Solution File, Format Version 12.00
# Visual Studio Version 16
VisualStudioVersion = 16.0.32602.291
MinimumVisualStudioVersion = 10.0.40219.1
Project("{FAE04EC0-301F-11D3-BF4B-00C04F79EFBC}") = "VoidMethods", "VoidMethods\VoidMethods.csproj", "{D6F2B841-4296-4454-8F60-A5D00F640E63}"
EndProject
Project("{FAE04EC0-301F-11D3-BF4B-00C04F79EFBC}") = "MethodsWithReturnValue", "MethodsWithReturnValue\MethodsWithReturnValue.csproj", "{9D43B5AA-59E4-435C-9302-D76F11C8CE69}"
EndProject
Project("{FAE04EC0-301F-11D3-BF4B-00C04F79EFBC}") = "MethodsFirstChallenge", "MethodsFirstChallenge\MethodsFirstChallenge.csproj", "{5CE4D121-8B7A-4058-B2F4-AB9C5C82050C}"
EndProject
Project("{FAE04EC0-301F-11D3-BF4B-00C04F79EFBC}") = "MethodsSecondChallenge", "MethodsSecondChallenge\MethodsSecondChallenge.csproj", "{D20C593E-B330-4B83-BDD8-D922C792E3D2}"
EndProject
Project("{FAE04EC0-301F-11D3-BF4B-00C04F79EFBC}") = "UserInput", "UserInput\UserInput.csproj", "{4D44C9BA-51B7-4B8D-977B-B2BFF14CCF23}"
EndProject
Global
	GlobalSection(SolutionConfigurationPlatforms) = preSolution
		Debug|Any CPU = Debug|Any CPU
		Release|Any CPU = Release|Any CPU
	EndGlobalSection
	GlobalSection(ProjectConfigurationPlatforms) = postSolution
		{D6F2B841-4296-4454-8F60-A5D00F640E63}.Debug|Any CPU.ActiveCfg = Debug|Any CPU
		{D6F2B841-4296-4454-8F60-A5D00F640E63}.Debug|Any CPU.Build.0 = Debug|Any CPU
		{D6F2B841-4296-4454-8F60-A5D00F640E63}.Release|Any CPU.ActiveCfg = Release|Any CPU
		{D6F2B841-4296-4454-8F60-A5D00F640E63}.Release|Any CPU.Build.0 = Release|Any CPU
		{9D43B5AA-59E4-435C-9302-D76F11C8CE69}.Debug|Any CPU.ActiveCfg = Debug|Any CPU
		{9D43B5AA-59E4-435C-9302-D76F11C8CE69}.Debug|Any CPU.Build.0 = Debug|Any CPU
		{9D43B5AA-59E4-435C-9302-D76F11C8CE69}.Release|Any CPU.ActiveCfg = Release|Any CPU
		{9D43B5AA-59E4-435C-9302-D76F11C8CE69}.Release|Any CPU.Build.0 = Release|Any CPU
		{5CE4D121-8B7A-4058-B2F4-AB9C5C82050C}.Debug|Any CPU.ActiveCfg = Debug|Any CPU
		{5CE4D121-8B7A-4058-B2F4-AB9C5C82050C}.Debug|Any CPU.Build.0 = Debug|Any CPU
		{5CE4D121-8B7A-4058-B2F4-AB9C5C82050C}.Release|Any CPU.ActiveCfg = Release|Any CPU
		{5CE4D121-8B7A-4058-B2F4-AB9C5C82050C}.Release|Any CPU.Build.0 = Release|Any CPU
		{D20C593E-B330-4B83-BDD8-D922C792E3D2}.Debug|Any CPU.ActiveCfg = Debug|Any CPU
		{D20C593E-B330-4B83-BDD8-D922C792E3D2}.Debug|Any CPU.Build.0 = Debug|Any CPU
		{D20C593E-B330-4B83-BDD8-D922C792E3D2}.Release|Any CPU.ActiveCfg = Release|Any CPU
		{D20C593E-B330-4B83-BDD8-D922C792E3D2}.Release|Any CPU.Build.0 = Release|Any CPU
		{4D44C9BA-51B7-4B8D-977B-B2BFF14CCF23}.Debug|Any CPU.ActiveCfg = Debug|Any CPU
		{4D44C9BA-51B7-4B8D-977B-B2BFF14CCF23}.Debug|Any CPU.Build.0 = Debug|Any CPU
		{4D44C9BA-51B7-4B8D-977B-B2BFF14CCF23}.Release|Any CPU.ActiveCfg = Release|Any CPU
		{4D44C9BA-51B7-4B8D-977B-B2BFF14CCF23}.Release|Any CPU.Build.0 = Release|Any CPU
	EndGlobalSection
	GlobalSection(SolutionProperties) = preSolution
		HideSolutionNode = FALSE
	EndGlobalSection
	GlobalSection(ExtensibilityGlobals) = postSolution
		SolutionGuid = {3D7339CD-8C7B-44EE-B8F4-35967F03DE0C}
	EndGlobalSection
EndGlobal
